PODS:
  - flutter_inappwebview_macos (0.0.1):
    - FlutterMacOS
    - OrderedSet (~> 6.0.3)
  - FlutterMacOS (1.0.0)
  - OrderedSet (6.0.3)
  - url_launcher_macos (0.0.1):
    - FlutterMacOS
  - video_player_avfoundation (0.0.1):
    - Flutter
    - FlutterMacOS

DEPENDENCIES:
  - flutter_inappwebview_macos (from `Flutter/ephemeral/.symlinks/plugins/flutter_inappwebview_macos/macos`)
  - FlutterMacOS (from `Flutter/ephemeral`)
  - url_launcher_macos (from `Flutter/ephemeral/.symlinks/plugins/url_launcher_macos/macos`)
  - video_player_avfoundation (from `Flutter/ephemeral/.symlinks/plugins/video_player_avfoundation/darwin`)

SPEC REPOS:
  trunk:
    - OrderedSet

EXTERNAL SOURCES:
  flutter_inappwebview_macos:
    :path: Flutter/ephemeral/.symlinks/plugins/flutter_inappwebview_macos/macos
  FlutterMacOS:
    :path: Flutter/ephemeral
  url_launcher_macos:
    :path: Flutter/ephemeral/.symlinks/plugins/url_launcher_macos/macos
  video_player_avfoundation:
    :path: Flutter/ephemeral/.symlinks/plugins/video_player_avfoundation/darwin

SPEC CHECKSUMS:
  flutter_inappwebview_macos: c2d68649f9f8f1831bfcd98d73fd6256366d9d1d
  FlutterMacOS: d0db08ddef1a9af05a5ec4b724367152bb0500b1
  OrderedSet: e539b66b644ff081c73a262d24ad552a69be3a94
  url_launcher_macos: f87a979182d112f911de6820aefddaf56ee9fbfd
  video_player_avfoundation: 3453f792138786248960ca029747fcd9f318ef52

PODFILE CHECKSUM: 54d867c82ac51cbd61b565781b9fada492027009

COCOAPODS: 1.16.2
